// !$*UTF8*$!
{
	archiveVersion = 1;
	classes = {
	};
	objectVersion = 50;
	objects = {

/* Begin PBXBuildFile section */
		4739F46E206FE731005F0BE8 /* AppDelegate.swift in Sources */ = {isa = PBXBuildFile; fileRef = 4739F46D206FE731005F0BE8 /* AppDelegate.swift */; };
		4739F470206FE731005F0BE8 /* TodoListViewController.swift in Sources */ = {isa = PBXBuildFile; fileRef = 4739F46F206FE731005F0BE8 /* TodoListViewController.swift */; };
		4739F473206FE731005F0BE8 /* Main.storyboard in Resources */ = {isa = PBXBuildFile; fileRef = 4739F471206FE731005F0BE8 /* Main.storyboard */; };
		4739F475206FE732005F0BE8 /* Assets.xcassets in Resources */ = {isa = PBXBuildFile; fileRef = 4739F474206FE732005F0BE8 /* Assets.xcassets */; };
		4739F478206FE732005F0BE8 /* LaunchScreen.storyboard in Resources */ = {isa = PBXBuildFile; fileRef = 4739F476206FE732005F0BE8 /* LaunchScreen.storyboard */; };
		474DE2892083358E00C9691A /* SwipeTableViewController.swift in Sources */ = {isa = PBXBuildFile; fileRef = 474DE2882083358E00C9691A /* SwipeTableViewController.swift */; };
		479EA2CD2079F2CB00EFF551 /* CategoryViewController.swift in Sources */ = {isa = PBXBuildFile; fileRef = 479EA2CC2079F2CB00EFF551 /* CategoryViewController.swift */; };
		47D7B362207D38A1009CABDD /* Item.swift in Sources */ = {isa = PBXBuildFile; fileRef = 47D7B361207D38A1009CABDD /* Item.swift */; };
		47D7B364207D38AB009CABDD /* Category.swift in Sources */ = {isa = PBXBuildFile; fileRef = 47D7B363207D38AB009CABDD /* Category.swift */; };
		983D5DCFE73717A29C170450 /* Pods_Todoe.framework in Frameworks */ = {isa = PBXBuildFile; fileRef = E0F4C3994C69B7616A4BE7F7 /* Pods_Todoe.framework */; };
/* End PBXBuildFile section */

/* Begin PBXFileReference section */
		4739F46A206FE731005F0BE8 /* Todoe.app */ = {isa = PBXFileReference; explicitFileType = wrapper.application; includeInIndex = 0; path = Todoe.app; sourceTree = BUILT_PRODUCTS_DIR; };
		4739F46D206FE731005F0BE8 /* AppDelegate.swift */ = {isa = PBXFileReference; lastKnownFileType = sourcecode.swift; path = AppDelegate.swift; sourceTree = "<group>"; };
		4739F46F206FE731005F0BE8 /* TodoListViewController.swift */ = {isa = PBXFileReference; lastKnownFileType = sourcecode.swift; path = TodoListViewController.swift; sourceTree = "<group>"; };
		4739F472206FE731005F0BE8 /* Base */ = {isa = PBXFileReference; lastKnownFileType = file.storyboard; name = Base; path = Base.lproj/Main.storyboard; sourceTree = "<group>"; };
		4739F474206FE732005F0BE8 /* Assets.xcassets */ = {isa = PBXFileReference; lastKnownFileType = folder.assetcatalog; path = Assets.xcassets; sourceTree = "<group>"; };
		4739F477206FE732005F0BE8 /* Base */ = {isa = PBXFileReference; lastKnownFileType = file.storyboard; name = Base; path = Base.lproj/LaunchScreen.storyboard; sourceTree = "<group>"; };
		4739F479206FE732005F0BE8 /* Info.plist */ = {isa = PBXFileReference; lastKnownFileType = text.plist.xml; path = Info.plist; sourceTree = "<group>"; };
		474DE2882083358E00C9691A /* SwipeTableViewController.swift */ = {isa = PBXFileReference; lastKnownFileType = sourcecode.swift; path = SwipeTableViewController.swift; sourceTree = "<group>"; };
		479EA2CC2079F2CB00EFF551 /* CategoryViewController.swift */ = {isa = PBXFileReference; lastKnownFileType = sourcecode.swift; path = CategoryViewController.swift; sourceTree = "<group>"; };
		47D7B361207D38A1009CABDD /* Item.swift */ = {isa = PBXFileReference; lastKnownFileType = sourcecode.swift; path = Item.swift; sourceTree = "<group>"; };
		47D7B363207D38AB009CABDD /* Category.swift */ = {isa = PBXFileReference; lastKnownFileType = sourcecode.swift; path = Category.swift; sourceTree = "<group>"; };
		81062198447EC4213697B46E /* Pods-Todoe.debug.xcconfig */ = {isa = PBXFileReference; includeInIndex = 1; lastKnownFileType = text.xcconfig; name = "Pods-Todoe.debug.xcconfig"; path = "Pods/Target Support Files/Pods-Todoe/Pods-Todoe.debug.xcconfig"; sourceTree = "<group>"; };
		8AD5382ACC41991E67E36280 /* Pods-Todoe.release.xcconfig */ = {isa = PBXFileReference; includeInIndex = 1; lastKnownFileType = text.xcconfig; name = "Pods-Todoe.release.xcconfig"; path = "Pods/Target Support Files/Pods-Todoe/Pods-Todoe.release.xcconfig"; sourceTree = "<group>"; };
		E0F4C3994C69B7616A4BE7F7 /* Pods_Todoe.framework */ = {isa = PBXFileReference; explicitFileType = wrapper.framework; includeInIndex = 0; path = Pods_Todoe.framework; sourceTree = BUILT_PRODUCTS_DIR; };
/* End PBXFileReference section */

/* Begin PBXFrameworksBuildPhase section */
		4739F467206FE731005F0BE8 /* Frameworks */ = {
			isa = PBXFrameworksBuildPhase;
			buildActionMask = 2147483647;
			files = (
				983D5DCFE73717A29C170450 /* Pods_Todoe.framework in Frameworks */,
			);
			runOnlyForDeploymentPostprocessing = 0;
		};
/* End PBXFrameworksBuildPhase section */

/* Begin PBXGroup section */
		2274149406EDAC905F11A0E3 /* Pods */ = {
			isa = PBXGroup;
			children = (
				81062198447EC4213697B46E /* Pods-Todoe.debug.xcconfig */,
				8AD5382ACC41991E67E36280 /* Pods-Todoe.release.xcconfig */,
			);
			name = Pods;
			sourceTree = "<group>";
		};
		4739F461206FE731005F0BE8 = {
			isa = PBXGroup;
			children = (
				4739F46C206FE731005F0BE8 /* Todoe */,
				4739F46B206FE731005F0BE8 /* Products */,
				2274149406EDAC905F11A0E3 /* Pods */,
				E819A479E12F6377CEEBB7A9 /* Frameworks */,
			);
			sourceTree = "<group>";
		};
		4739F46B206FE731005F0BE8 /* Products */ = {
			isa = PBXGroup;
			children = (
				4739F46A206FE731005F0BE8 /* Todoe.app */,
			);
			name = Products;
			sourceTree = "<group>";
		};
		4739F46C206FE731005F0BE8 /* Todoe */ = {
			isa = PBXGroup;
			children = (
				4739F46D206FE731005F0BE8 /* AppDelegate.swift */,
				4767891A207145E300428CC4 /* Controllers */,
				4767891B207145F600428CC4 /* Views */,
				4767891C2071462100428CC4 /* Supporting Files */,
				4739F479206FE732005F0BE8 /* Info.plist */,
				47678919207145A800428CC4 /* Models */,
			);
			path = Todoe;
			sourceTree = "<group>";
		};
		47678919207145A800428CC4 /* Models */ = {
			isa = PBXGroup;
			children = (
				47D7B361207D38A1009CABDD /* Item.swift */,
				47D7B363207D38AB009CABDD /* Category.swift */,
			);
			path = Models;
			sourceTree = "<group>";
		};
		4767891A207145E300428CC4 /* Controllers */ = {
			isa = PBXGroup;
			children = (
				479EA2CC2079F2CB00EFF551 /* CategoryViewController.swift */,
				4739F46F206FE731005F0BE8 /* TodoListViewController.swift */,
				474DE2882083358E00C9691A /* SwipeTableViewController.swift */,
			);
			path = Controllers;
			sourceTree = "<group>";
		};
		4767891B207145F600428CC4 /* Views */ = {
			isa = PBXGroup;
			children = (
				4739F471206FE731005F0BE8 /* Main.storyboard */,
			);
			path = Views;
			sourceTree = "<group>";
		};
		4767891C2071462100428CC4 /* Supporting Files */ = {
			isa = PBXGroup;
			children = (
				4739F474206FE732005F0BE8 /* Assets.xcassets */,
				4739F476206FE732005F0BE8 /* LaunchScreen.storyboard */,
			);
			path = "Supporting Files";
			sourceTree = "<group>";
		};
		E819A479E12F6377CEEBB7A9 /* Frameworks */ = {
			isa = PBXGroup;
			children = (
				E0F4C3994C69B7616A4BE7F7 /* Pods_Todoe.framework */,
			);
			name = Frameworks;
			sourceTree = "<group>";
		};
/* End PBXGroup section */

/* Begin PBXNativeTarget section */
		4739F469206FE731005F0BE8 /* Todoe */ = {
			isa = PBXNativeTarget;
			buildConfigurationList = 4739F47C206FE732005F0BE8 /* Build configuration list for PBXNativeTarget "Todoe" */;
			buildPhases = (
				0C1B33C3C4BE9BEB58AC45A6 /* [CP] Check Pods Manifest.lock */,
				4739F466206FE731005F0BE8 /* Sources */,
				4739F467206FE731005F0BE8 /* Frameworks */,
				4739F468206FE731005F0BE8 /* Resources */,
				CA965A64E427877433C06673 /* [CP] Embed Pods Frameworks */,
				FD5D64FCE90B047971A547DD /* [CP] Copy Pods Resources */,
			);
			buildRules = (
			);
			dependencies = (
			);
			name = Todoe;
			productName = Todoe;
			productReference = 4739F46A206FE731005F0BE8 /* Todoe.app */;
			productType = "com.apple.product-type.application";
		};
/* End PBXNativeTarget section */

/* Begin PBXProject section */
		4739F462206FE731005F0BE8 /* Project object */ = {
			isa = PBXProject;
			attributes = {
				LastSwiftUpdateCheck = 0930;
				LastUpgradeCheck = 0930;
				ORGANIZATIONNAME = "Bohdan Hrybach";
				TargetAttributes = {
					4739F469206FE731005F0BE8 = {
						CreatedOnToolsVersion = 9.3;
					};
				};
			};
			buildConfigurationList = 4739F465206FE731005F0BE8 /* Build configuration list for PBXProject "Todoe" */;
			compatibilityVersion = "Xcode 9.3";
			developmentRegion = en;
			hasScannedForEncodings = 0;
			knownRegions = (
				en,
				Base,
			);
			mainGroup = 4739F461206FE731005F0BE8;
			productRefGroup = 4739F46B206FE731005F0BE8 /* Products */;
			projectDirPath = "";
			projectRoot = "";
			targets = (
				4739F469206FE731005F0BE8 /* Todoe */,
			);
		};
/* End PBXProject section */

/* Begin PBXResourcesBuildPhase section */
		4739F468206FE731005F0BE8 /* Resources */ = {
			isa = PBXResourcesBuildPhase;
			buildActionMask = 2147483647;
			files = (
				4739F478206FE732005F0BE8 /* LaunchScreen.storyboard in Resources */,
				4739F475206FE732005F0BE8 /* Assets.xcassets in Resources */,
				4739F473206FE731005F0BE8 /* Main.storyboard in Resources */,
			);
			runOnlyForDeploymentPostprocessing = 0;
		};
/* End PBXResourcesBuildPhase section */

/* Begin PBXShellScriptBuildPhase section */
		0C1B33C3C4BE9BEB58AC45A6 /* [CP] Check Pods Manifest.lock */ = {
			isa = PBXShellScriptBuildPhase;
			buildActionMask = 2147483647;
			files = (
			);
			inputPaths = (
				"${PODS_PODFILE_DIR_PATH}/Podfile.lock",
				"${PODS_ROOT}/Manifest.lock",
			);
			name = "[CP] Check Pods Manifest.lock";
			outputPaths = (
				"$(DERIVED_FILE_DIR)/Pods-Todoe-checkManifestLockResult.txt",
			);
			runOnlyForDeploymentPostprocessing = 0;
			shellPath = /bin/sh;
			shellScript = "diff \"${PODS_PODFILE_DIR_PATH}/Podfile.lock\" \"${PODS_ROOT}/Manifest.lock\" > /dev/null\nif [ $? != 0 ] ; then\n    # print error to STDERR\n    echo \"error: The sandbox is not in sync with the Podfile.lock. Run 'pod install' or update your CocoaPods installation.\" >&2\n    exit 1\nfi\n# This output is used by Xcode 'outputs' to avoid re-running this script phase.\necho \"SUCCESS\" > \"${SCRIPT_OUTPUT_FILE_0}\"\n";
			showEnvVarsInLog = 0;
		};
		CA965A64E427877433C06673 /* [CP] Embed Pods Frameworks */ = {
			isa = PBXShellScriptBuildPhase;
			buildActionMask = 2147483647;
			files = (
			);
			inputPaths = (
				"${SRCROOT}/Pods/Target Support Files/Pods-Todoe/Pods-Todoe-frameworks.sh",
				"${BUILT_PRODUCTS_DIR}/ChameleonFramework/ChameleonFramework.framework",
				"${BUILT_PRODUCTS_DIR}/Realm/Realm.framework",
				"${BUILT_PRODUCTS_DIR}/RealmSwift/RealmSwift.framework",
				"${BUILT_PRODUCTS_DIR}/SwipeCellKit/SwipeCellKit.framework",
			);
			name = "[CP] Embed Pods Frameworks";
			outputPaths = (
				"${TARGET_BUILD_DIR}/${FRAMEWORKS_FOLDER_PATH}/ChameleonFramework.framework",
				"${TARGET_BUILD_DIR}/${FRAMEWORKS_FOLDER_PATH}/Realm.framework",
				"${TARGET_BUILD_DIR}/${FRAMEWORKS_FOLDER_PATH}/RealmSwift.framework",
				"${TARGET_BUILD_DIR}/${FRAMEWORKS_FOLDER_PATH}/SwipeCellKit.framework",
			);
			runOnlyForDeploymentPostprocessing = 0;
			shellPath = /bin/sh;
			shellScript = "\"${SRCROOT}/Pods/Target Support Files/Pods-Todoe/Pods-Todoe-frameworks.sh\"\n";
			showEnvVarsInLog = 0;
		};
		FD5D64FCE90B047971A547DD /* [CP] Copy Pods Resources */ = {
			isa = PBXShellScriptBuildPhase;
			buildActionMask = 2147483647;
			files = (
			);
			inputPaths = (
			);
			name = "[CP] Copy Pods Resources";
			outputPaths = (
			);
			runOnlyForDeploymentPostprocessing = 0;
			shellPath = /bin/sh;
			shellScript = "\"${SRCROOT}/Pods/Target Support Files/Pods-Todoe/Pods-Todoe-resources.sh\"\n";
			showEnvVarsInLog = 0;
		};
/* End PBXShellScriptBuildPhase section */

/* Begin PBXSourcesBuildPhase section */
		4739F466206FE731005F0BE8 /* Sources */ = {
			isa = PBXSourcesBuildPhase;
			buildActionMask = 2147483647;
			files = (
				47D7B362207D38A1009CABDD /* Item.swift in Sources */,
				479EA2CD2079F2CB00EFF551 /* CategoryViewController.swift in Sources */,
				4739F470206FE731005F0BE8 /* TodoListViewController.swift in Sources */,
				4739F46E206FE731005F0BE8 /* AppDelegate.swift in Sources */,
				474DE2892083358E00C9691A /* SwipeTableViewController.swift in Sources */,
				47D7B364207D38AB009CABDD /* Category.swift in Sources */,
			);
			runOnlyForDeploymentPostprocessing = 0;
		};
/* End PBXSourcesBuildPhase section */

/* Begin PBXVariantGroup section */
		4739F471206FE731005F0BE8 /* Main.storyboard */ = {
			isa = PBXVariantGroup;
			children = (
				4739F472206FE731005F0BE8 /* Base */,
			);
			name = Main.storyboard;
			sourceTree = "<group>";
		};
		4739F476206FE732005F0BE8 /* LaunchScreen.storyboard */ = {
			isa = PBXVariantGroup;
			children = (
				4739F477206FE732005F0BE8 /* Base */,
			);
			name = LaunchScreen.storyboard;
			sourceTree = "<group>";
		};
/* End PBXVariantGroup section */

/* Begin XCBuildConfiguration section */
		4739F47A206FE732005F0BE8 /* Debug */ = {
			isa = XCBuildConfiguration;
			buildSettings = {
				ALWAYS_SEARCH_USER_PATHS = NO;
				CLANG_ANALYZER_NONNULL = YES;
				CLANG_ANALYZER_NUMBER_OBJECT_CONVERSION = YES_AGGRESSIVE;
				CLANG_CXX_LANGUAGE_STANDARD = "gnu++14";
				CLANG_CXX_LIBRARY = "libc++";
				CLANG_ENABLE_MODULES = YES;
				CLANG_ENABLE_OBJC_ARC = YES;
				CLANG_ENABLE_OBJC_WEAK = YES;
				CLANG_WARN_BLOCK_CAPTURE_AUTORELEASING = YES;
				CLANG_WARN_BOOL_CONVERSION = YES;
				CLANG_WARN_COMMA = YES;
				CLANG_WARN_CONSTANT_CONVERSION = YES;
				CLANG_WARN_DEPRECATED_OBJC_IMPLEMENTATIONS = YES;
				CLANG_WARN_DIRECT_OBJC_ISA_USAGE = YES_ERROR;
				CLANG_WARN_DOCUMENTATION_COMMENTS = YES;
				CLANG_WARN_EMPTY_BODY = YES;
				CLANG_WARN_ENUM_CONVERSION = YES;
				CLANG_WARN_INFINITE_RECURSION = YES;
				CLANG_WARN_INT_CONVERSION = YES;
				CLANG_WARN_NON_LITERAL_NULL_CONVERSION = YES;
				CLANG_WARN_OBJC_IMPLICIT_RETAIN_SELF = YES;
				CLANG_WARN_OBJC_LITERAL_CONVERSION = YES;
				CLANG_WARN_OBJC_ROOT_CLASS = YES_ERROR;
				CLANG_WARN_RANGE_LOOP_ANALYSIS = YES;
				CLANG_WARN_STRICT_PROTOTYPES = YES;
				CLANG_WARN_SUSPICIOUS_MOVE = YES;
				CLANG_WARN_UNGUARDED_AVAILABILITY = YES_AGGRESSIVE;
				CLANG_WARN_UNREACHABLE_CODE = YES;
				CLANG_WARN__DUPLICATE_METHOD_MATCH = YES;
				CODE_SIGN_IDENTITY = "iPhone Developer";
				COPY_PHASE_STRIP = NO;
				DEBUG_INFORMATION_FORMAT = dwarf;
				ENABLE_STRICT_OBJC_MSGSEND = YES;
				ENABLE_TESTABILITY = YES;
				GCC_C_LANGUAGE_STANDARD = gnu11;
				GCC_DYNAMIC_NO_PIC = NO;
				GCC_NO_COMMON_BLOCKS = YES;
				GCC_OPTIMIZATION_LEVEL = 0;
				GCC_PREPROCESSOR_DEFINITIONS = (
					"DEBUG=1",
					"$(inherited)",
				);
				GCC_WARN_64_TO_32_BIT_CONVERSION = YES;
				GCC_WARN_ABOUT_RETURN_TYPE = YES_ERROR;
				GCC_WARN_UNDECLARED_SELECTOR = YES;
				GCC_WARN_UNINITIALIZED_AUTOS = YES_AGGRESSIVE;
				GCC_WARN_UNUSED_FUNCTION = YES;
				GCC_WARN_UNUSED_VARIABLE = YES;
				IPHONEOS_DEPLOYMENT_TARGET = 11.3;
				MTL_ENABLE_DEBUG_INFO = YES;
				ONLY_ACTIVE_ARCH = YES;
				SDKROOT = iphoneos;
				SWIFT_ACTIVE_COMPILATION_CONDITIONS = DEBUG;
				SWIFT_OPTIMIZATION_LEVEL = "-Onone";
			};
			name = Debug;
		};
		4739F47B206FE732005F0BE8 /* Release */ = {
			isa = XCBuildConfiguration;
			buildSettings = {
				ALWAYS_SEARCH_USER_PATHS = NO;
				CLANG_ANALYZER_NONNULL = YES;
				CLANG_ANALYZER_NUMBER_OBJECT_CONVERSION = YES_AGGRESSIVE;
				CLANG_CXX_LANGUAGE_STANDARD = "gnu++14";
				CLANG_CXX_LIBRARY = "libc++";
				CLANG_ENABLE_MODULES = YES;
				CLANG_ENABLE_OBJC_ARC = YES;
				CLANG_ENABLE_OBJC_WEAK = YES;
				CLANG_WARN_BLOCK_CAPTURE_AUTORELEASING = YES;
				CLANG_WARN_BOOL_CONVERSION = YES;
				CLANG_WARN_COMMA = YES;
				CLANG_WARN_CONSTANT_CONVERSION = YES;
				CLANG_WARN_DEPRECATED_OBJC_IMPLEMENTATIONS = YES;
				CLANG_WARN_DIRECT_OBJC_ISA_USAGE = YES_ERROR;
				CLANG_WARN_DOCUMENTATION_COMMENTS = YES;
				CLANG_WARN_EMPTY_BODY = YES;
				CLANG_WARN_ENUM_CONVERSION = YES;
				CLANG_WARN_INFINITE_RECURSION = YES;
				CLANG_WARN_INT_CONVERSION = YES;
				CLANG_WARN_NON_LITERAL_NULL_CONVERSION = YES;
				CLANG_WARN_OBJC_IMPLICIT_RETAIN_SELF = YES;
				CLANG_WARN_OBJC_LITERAL_CONVERSION = YES;
				CLANG_WARN_OBJC_ROOT_CLASS = YES_ERROR;
				CLANG_WARN_RANGE_LOOP_ANALYSIS = YES;
				CLANG_WARN_STRICT_PROTOTYPES = YES;
				CLANG_WARN_SUSPICIOUS_MOVE = YES;
				CLANG_WARN_UNGUARDED_AVAILABILITY = YES_AGGRESSIVE;
				CLANG_WARN_UNREACHABLE_CODE = YES;
				CLANG_WARN__DUPLICATE_METHOD_MATCH = YES;
				CODE_SIGN_IDENTITY = "iPhone Developer";
				COPY_PHASE_STRIP = NO;
				DEBUG_INFORMATION_FORMAT = "dwarf-with-dsym";
				ENABLE_NS_ASSERTIONS = NO;
				ENABLE_STRICT_OBJC_MSGSEND = YES;
				GCC_C_LANGUAGE_STANDARD = gnu11;
				GCC_NO_COMMON_BLOCKS = YES;
				GCC_WARN_64_TO_32_BIT_CONVERSION = YES;
				GCC_WARN_ABOUT_RETURN_TYPE = YES_ERROR;
				GCC_WARN_UNDECLARED_SELECTOR = YES;
				GCC_WARN_UNINITIALIZED_AUTOS = YES_AGGRESSIVE;
				GCC_WARN_UNUSED_FUNCTION = YES;
				GCC_WARN_UNUSED_VARIABLE = YES;
				IPHONEOS_DEPLOYMENT_TARGET = 11.3;
				MTL_ENABLE_DEBUG_INFO = NO;
				SDKROOT = iphoneos;
				SWIFT_COMPILATION_MODE = wholemodule;
				SWIFT_OPTIMIZATION_LEVEL = "-O";
				VALIDATE_PRODUCT = YES;
			};
			name = Release;
		};
		4739F47D206FE732005F0BE8 /* Debug */ = {
			isa = XCBuildConfiguration;
			baseConfigurationReference = 81062198447EC4213697B46E /* Pods-Todoe.debug.xcconfig */;
			buildSettings = {
				ASSETCATALOG_COMPILER_APPICON_NAME = AppIcon;
				CODE_SIGN_STYLE = Automatic;
				DEVELOPMENT_TEAM = 3C89SN4EK8;
				INFOPLIST_FILE = Todoe/Info.plist;
				IPHONEOS_DEPLOYMENT_TARGET = 11.3;
				LD_RUNPATH_SEARCH_PATHS = "$(inherited) @executable_path/Frameworks";
				PRODUCT_BUNDLE_IDENTIFIER = sdf.Todoe;
				PRODUCT_NAME = "$(TARGET_NAME)";
				SWIFT_VERSION = 4.0;
				TARGETED_DEVICE_FAMILY = "1,2";
			};
			name = Debug;
		};
		4739F47E206FE732005F0BE8 /* Release */ = {
			isa = XCBuildConfiguration;
			baseConfigurationReference = 8AD5382ACC41991E67E36280 /* Pods-Todoe.release.xcconfig */;
			buildSettings = {
				ASSETCATALOG_COMPILER_APPICON_NAME = AppIcon;
				CODE_SIGN_STYLE = Automatic;
				DEVELOPMENT_TEAM = 3C89SN4EK8;
				INFOPLIST_FILE = Todoe/Info.plist;
				IPHONEOS_DEPLOYMENT_TARGET = 11.3;
				LD_RUNPATH_SEARCH_PATHS = "$(inherited) @executable_path/Frameworks";
				PRODUCT_BUNDLE_IDENTIFIER = sdf.Todoe;
				PRODUCT_NAME = "$(TARGET_NAME)";
				SWIFT_VERSION = 4.0;
				TARGETED_DEVICE_FAMILY = "1,2";
			};
			name = Release;
		};
/* End XCBuildConfiguration section */

/* Begin XCConfigurationList section */
		4739F465206FE731005F0BE8 /* Build configuration list for PBXProject "Todoe" */ = {
			isa = XCConfigurationList;
			buildConfigurations = (
				4739F47A206FE732005F0BE8 /* Debug */,
				4739F47B206FE732005F0BE8 /* Release */,
			);
			defaultConfigurationIsVisible = 0;
			defaultConfigurationName = Release;
		};
		4739F47C206FE732005F0BE8 /* Build configuration list for PBXNativeTarget "Todoe" */ = {
			isa = XCConfigurationList;
			buildConfigurations = (
				4739F47D206FE732005F0BE8 /* Debug */,
				4739F47E206FE732005F0BE8 /* Release */,
			);
			defaultConfigurationIsVisible = 0;
			defaultConfigurationName = Release;
		};
/* End XCConfigurationList section */
	};
	rootObject = 4739F462206FE731005F0BE8 /* Project object */;
}
